
Microsoft Visual Studio Solution File, Format Version 12.00
# Visual Studio Version 17
VisualStudioVersion = 17.7.34031.279
MinimumVisualStudioVersion = 10.0.40219.1
Project("{9A19103F-16F7-4668-BE54-9A1E7A4F7556}") = "study", "study\study.csproj", "{EE8C1FD9-5534-4CA0-9921-FA18A6DB228C}"
EndProject
Project("{2150E333-8FDC-42A3-9474-1A3956D46DE8}") = "Dockerfiles", "Dockerfiles", "{C2779D3B-A937-4AD5-9B41-FF590818142D}"
	ProjectSection(SolutionItems) = preProject
		..\docker-compose.yml = ..\docker-compose.yml
		study\Dockerfile = study\Dockerfile
	EndProjectSection
EndProject
Global
	GlobalSection(SolutionConfigurationPlatforms) = preSolution
		Debug|Any CPU = Debug|Any CPU
		Release|Any CPU = Release|Any CPU
	EndGlobalSection
	GlobalSection(ProjectConfigurationPlatforms) = postSolution
		{EE8C1FD9-5534-4CA0-9921-FA18A6DB228C}.Debug|Any CPU.ActiveCfg = Debug|Any CPU
		{EE8C1FD9-5534-4CA0-9921-FA18A6DB228C}.Debug|Any CPU.Build.0 = Debug|Any CPU
		{EE8C1FD9-5534-4CA0-9921-FA18A6DB228C}.Release|Any CPU.ActiveCfg = Release|Any CPU
		{EE8C1FD9-5534-4CA0-9921-FA18A6DB228C}.Release|Any CPU.Build.0 = Release|Any CPU
	EndGlobalSection
	GlobalSection(SolutionProperties) = preSolution
		HideSolutionNode = FALSE
	EndGlobalSection
	GlobalSection(ExtensibilityGlobals) = postSolution
		SolutionGuid = {4F315E35-E887-4B82-AB36-5A83E69F22BE}
	EndGlobalSection
EndGlobal
